
Microsoft Visual Studio Solution File, Format Version 12.00
# Visual Studio Version 17
VisualStudioVersion = 17.9.34616.47
MinimumVisualStudioVersion = 10.0.40219.1
Project("{FAE04EC0-301F-11D3-BF4B-00C04F79EFBC}") = "HybridClient1", "HybridClient1.csproj", "{968DCDEE-A9BD-420D-ACD3-4CD4655BD333}"
EndProject
Project("{FAE04EC0-301F-11D3-BF4B-00C04F79EFBC}") = "WisejHybridLocalApplication1", "..\WisejHybridLocalApplication1\WisejHybridLocalApplication1.csproj", "{A85D8ADA-561D-442F-9782-76A05FCE45DC}"
EndProject
Global
	GlobalSection(SolutionConfigurationPlatforms) = preSolution
		Debug|Any CPU = Debug|Any CPU
		Release|Any CPU = Release|Any CPU
	EndGlobalSection
	GlobalSection(ProjectConfigurationPlatforms) = postSolution
		{968DCDEE-A9BD-420D-ACD3-4CD4655BD333}.Debug|Any CPU.ActiveCfg = Debug|Any CPU
		{968DCDEE-A9BD-420D-ACD3-4CD4655BD333}.Debug|Any CPU.Build.0 = Debug|Any CPU
		{968DCDEE-A9BD-420D-ACD3-4CD4655BD333}.Debug|Any CPU.Deploy.0 = Debug|Any CPU
		{968DCDEE-A9BD-420D-ACD3-4CD4655BD333}.Release|Any CPU.ActiveCfg = Release|Any CPU
		{968DCDEE-A9BD-420D-ACD3-4CD4655BD333}.Release|Any CPU.Build.0 = Release|Any CPU
		{968DCDEE-A9BD-420D-ACD3-4CD4655BD333}.Release|Any CPU.Deploy.0 = Release|Any CPU
		{A85D8ADA-561D-442F-9782-76A05FCE45DC}.Debug|Any CPU.ActiveCfg = Debug|Any CPU
		{A85D8ADA-561D-442F-9782-76A05FCE45DC}.Debug|Any CPU.Build.0 = Debug|Any CPU
		{A85D8ADA-561D-442F-9782-76A05FCE45DC}.Release|Any CPU.ActiveCfg = Release|Any CPU
		{A85D8ADA-561D-442F-9782-76A05FCE45DC}.Release|Any CPU.Build.0 = Release|Any CPU
	EndGlobalSection
	GlobalSection(SolutionProperties) = preSolution
		HideSolutionNode = FALSE
	EndGlobalSection
	GlobalSection(ExtensibilityGlobals) = postSolution
		SolutionGuid = {DF04CE51-C587-4D16-95A0-0706E136D076}
	EndGlobalSection
EndGlobal
